
Microsoft Visual Studio Solution File, Format Version 12.00
# Visual Studio Version 17
VisualStudioVersion = 17.5.33516.290
MinimumVisualStudioVersion = 10.0.40219.1
Project("{FAE04EC0-301F-11D3-BF4B-00C04F79EFBC}") = "WebRTC", "WebRTC\WebRTC.csproj", "{D5127B6D-31EC-49B5-BC42-3CCE05126B0B}"
EndProject
Global
	GlobalSection(SolutionConfigurationPlatforms) = preSolution
		Debug|Any CPU = Debug|Any CPU
		Release|Any CPU = Release|Any CPU
	EndGlobalSection
	GlobalSection(ProjectConfigurationPlatforms) = postSolution
		{D5127B6D-31EC-49B5-BC42-3CCE05126B0B}.Debug|Any CPU.ActiveCfg = Debug|Any CPU
		{D5127B6D-31EC-49B5-BC42-3CCE05126B0B}.Debug|Any CPU.Build.0 = Debug|Any CPU
		{D5127B6D-31EC-49B5-BC42-3CCE05126B0B}.Release|Any CPU.ActiveCfg = Release|Any CPU
		{D5127B6D-31EC-49B5-BC42-3CCE05126B0B}.Release|Any CPU.Build.0 = Release|Any CPU
	EndGlobalSection
	GlobalSection(SolutionProperties) = preSolution
		HideSolutionNode = FALSE
	EndGlobalSection
	GlobalSection(ExtensibilityGlobals) = postSolution
		SolutionGuid = {A126BE00-069D-4277-B169-0A6ECCA7E603}
	EndGlobalSection
EndGlobal
